
Microsoft Visual Studio Solution File, Format Version 12.00
# Visual Studio Version 16
VisualStudioVersion = 16.0.29509.3
MinimumVisualStudioVersion = 10.0.40219.1
Project("{9A19103F-16F7-4668-BE54-9A1E7A4F7556}") = "EstateWeb", "EstateWeb\EstateWeb.csproj", "{BB42A640-1167-41F5-A53C-F6B6B6134E55}"
EndProject
Project("{9A19103F-16F7-4668-BE54-9A1E7A4F7556}") = "Crawler", "Crawler\Crawler.csproj", "{3F104774-4486-4C68-ACA8-848FB90D053E}"
EndProject
Project("{9A19103F-16F7-4668-BE54-9A1E7A4F7556}") = "test1", "..\..\Test2\Test1\test1.csproj", "{BD860721-AE21-4962-8E05-0FC1A7A44826}"
EndProject
Global
	GlobalSection(SolutionConfigurationPlatforms) = preSolution
		Debug|Any CPU = Debug|Any CPU
		Release|Any CPU = Release|Any CPU
	EndGlobalSection
	GlobalSection(ProjectConfigurationPlatforms) = postSolution
		{BB42A640-1167-41F5-A53C-F6B6B6134E55}.Debug|Any CPU.ActiveCfg = Debug|Any CPU
		{BB42A640-1167-41F5-A53C-F6B6B6134E55}.Debug|Any CPU.Build.0 = Debug|Any CPU
		{BB42A640-1167-41F5-A53C-F6B6B6134E55}.Release|Any CPU.ActiveCfg = Release|Any CPU
		{BB42A640-1167-41F5-A53C-F6B6B6134E55}.Release|Any CPU.Build.0 = Release|Any CPU
		{3F104774-4486-4C68-ACA8-848FB90D053E}.Debug|Any CPU.ActiveCfg = Debug|Any CPU
		{3F104774-4486-4C68-ACA8-848FB90D053E}.Debug|Any CPU.Build.0 = Debug|Any CPU
		{3F104774-4486-4C68-ACA8-848FB90D053E}.Release|Any CPU.ActiveCfg = Release|Any CPU
		{3F104774-4486-4C68-ACA8-848FB90D053E}.Release|Any CPU.Build.0 = Release|Any CPU
		{BD860721-AE21-4962-8E05-0FC1A7A44826}.Debug|Any CPU.ActiveCfg = Debug|Any CPU
		{BD860721-AE21-4962-8E05-0FC1A7A44826}.Debug|Any CPU.Build.0 = Debug|Any CPU
		{BD860721-AE21-4962-8E05-0FC1A7A44826}.Release|Any CPU.ActiveCfg = Release|Any CPU
		{BD860721-AE21-4962-8E05-0FC1A7A44826}.Release|Any CPU.Build.0 = Release|Any CPU
	EndGlobalSection
	GlobalSection(SolutionProperties) = preSolution
		HideSolutionNode = FALSE
	EndGlobalSection
	GlobalSection(ExtensibilityGlobals) = postSolution
		SolutionGuid = {4016E7AA-CDAF-4F50-9087-5F848EA70C7C}
	EndGlobalSection
EndGlobal
